github.com/brsuite/brond/bronec v0.0.0-20220801101824-2765a38acbf1 h1:1hnTDzB+Np0GNwkp6lF9bLQNcbmL48gyDbgIvnHW96s=
github.com/brsuite/brond/bronec v0.0.0-20220801101824-2765a38acbf1/go.mod h1:0Tjd0hN6FqpHbtjeCZRDzqDJtF7qU7DwoJsz3pleems=
github.com/brsuite/brond/chaincfg v0.0.0-20220727090715-2da59fe9c4ef h1:Ep6sQ35PNQ93wTJgQjrL7ltddoMwuPXDb3Rp+2AzPGc=
github.com/brsuite/brond/chaincfg v0.0.0-20220727090715-2da59fe9c4ef/go.mod h1:uUOQYJ5hHtej8GsKWUn4ZRWwo+EPQ8Gsa5i2u5kYBnM=
github.com/brsuite/brond/chaincfg/chainhash v0.0.0-20220727090715-2da59fe9c4ef h1:p+7ywfxQBNGLoXQIjB4Kw9NOtJQBkkb5masxmAa1jAk=
github.com/brsuite/brond/chaincfg/chainhash v0.0.0-20220727090715-2da59fe9c4ef/go.mod h1:ESwrmub6SG+0u8Z+LAPS8PkaBNgLHSa2Stg1g3LnQa8=
github.com/brsuite/brond/txscript v0.0.0-20220727090715-2da59fe9c4ef h1:On69qvhnKmJ9whp3a62SmbpMjH7okCyqvaEku9zJKgU=
github.com/brsuite/brond/txscript v0.0.0-20220727090715-2da59fe9c4ef/go.mod h1:JnOa07dnWzO7npX2bi41qxnlvYIbRhKpNlwIGmlHTZU=
github.com/brsuite/brond/wire v0.0.0-20220727090715-2da59fe9c4ef h1:orXu8HbkdUISDl0bwTf4ze6FogksSuDd/wBQomMV4I0=
github.com/brsuite/brond/wire v0.0.0-20220727090715-2da59fe9c4ef/go.mod h1:giBYqhb917HRtz8+i9txoe6EKG572uLLFTt6e48vYOo=
github.com/brsuite/bronlog v0.0.0-20220804112028-e7ee5baae519 h1:dftc3DWTATGM1LPfDFodyvV1EATbVpnFpdAbU3Flh48=
github.com/brsuite/bronlog v0.0.0-20220804112028-e7ee5baae519/go.mod h1:JzNnszVnN71SIPkgnRBnQXQjJZ3HwcZ907ZC3HyM9pg=
github.com/brsuite/bronutil v0.0.0-20220801095641-46b274f99a57 h1:aQeBh3o5UJoDgTod4BppJK4yPG5D4kiOBd2vLgh2fN4=
github.com/brsuite/bronutil v0.0.0-20220801095641-46b274f99a57/go.mod h1:4zWyQg9jGp58uyNnGv7z3MP7azHLWuvfpAVvVO4Fu8g=
github.com/davecgh/go-spew v1.1.1 h1:vj9j/u1bqnvCEfJOwUhtlOARqs3+rkHYY13jYWTU97c=
github.com/davecgh/go-spew v1.1.1/go.mod h1:J7Y8YcW2NihsgmVo/mv3lAwl/skON4iLHjSsI+c5H38=
golang.org/x/crypto v0.0.0-20220722155217-630584e8d5aa h1:zuSxTR4o9y82ebqCUJYNGJbGPo6sKVl54f/TVDObg1c=
golang.org/x/crypto v0.0.0-20220722155217-630584e8d5aa/go.mod h1:IxCIyHEi3zRg3s0A5j5BB6A9Jmi73HwBIUl50j+osU4=
